// !$*UTF8*$!
{
	archiveVersion = 1;
	classes = {
	};
	objectVersion = 55;
	objects = {

/* Begin PBXBuildFile section */
		4C2EED02280D35A6008CCB7B /* AppDelegate.swift in Sources */ = {isa = PBXBuildFile; fileRef = 4C2EED01280D35A6008CCB7B /* AppDelegate.swift */; };
		4C2EED04280D35A6008CCB7B /* SceneDelegate.swift in Sources */ = {isa = PBXBuildFile; fileRef = 4C2EED03280D35A6008CCB7B /* SceneDelegate.swift */; };
		4C2EED06280D35A6008CCB7B /* ViewController.swift in Sources */ = {isa = PBXBuildFile; fileRef = 4C2EED05280D35A6008CCB7B /* ViewController.swift */; };
		4C2EED09280D35A6008CCB7B /* Main.storyboard in Resources */ = {isa = PBXBuildFile; fileRef = 4C2EED07280D35A6008CCB7B /* Main.storyboard */; };
		4C2EED0B280D35A8008CCB7B /* Assets.xcassets in Resources */ = {isa = PBXBuildFile; fileRef = 4C2EED0A280D35A8008CCB7B /* Assets.xcassets */; };
		4C2EED0E280D35A8008CCB7B /* LaunchScreen.storyboard in Resources */ = {isa = PBXBuildFile; fileRef = 4C2EED0C280D35A8008CCB7B /* LaunchScreen.storyboard */; };
		4C2EED19280D35A9008CCB7B /* sampleTests.swift in Sources */ = {isa = PBXBuildFile; fileRef = 4C2EED18280D35A9008CCB7B /* sampleTests.swift */; };
		4C2EED23280D35A9008CCB7B /* sampleUITests.swift in Sources */ = {isa = PBXBuildFile; fileRef = 4C2EED22280D35A9008CCB7B /* sampleUITests.swift */; };
		4C2EED25280D35A9008CCB7B /* sampleUITestsLaunchTests.swift in Sources */ = {isa = PBXBuildFile; fileRef = 4C2EED24280D35A9008CCB7B /* sampleUITestsLaunchTests.swift */; };
/* End PBXBuildFile section */

/* Begin PBXContainerItemProxy section */
		4C2EED15280D35A9008CCB7B /* PBXContainerItemProxy */ = {
			isa = PBXContainerItemProxy;
			containerPortal = 4C2EECF6280D35A6008CCB7B /* Project object */;
			proxyType = 1;
			remoteGlobalIDString = 4C2EECFD280D35A6008CCB7B;
			remoteInfo = sample;
		};
		4C2EED1F280D35A9008CCB7B /* PBXContainerItemProxy */ = {
			isa = PBXContainerItemProxy;
			containerPortal = 4C2EECF6280D35A6008CCB7B /* Project object */;
			proxyType = 1;
			remoteGlobalIDString = 4C2EECFD280D35A6008CCB7B;
			remoteInfo = sample;
		};
/* End PBXContainerItemProxy section */

/* Begin PBXFileReference section */
		4C2EECFE280D35A6008CCB7B /* sample.app */ = {isa = PBXFileReference; explicitFileType = wrapper.application; includeInIndex = 0; path = sample.app; sourceTree = BUILT_PRODUCTS_DIR; };
		4C2EED01280D35A6008CCB7B /* AppDelegate.swift */ = {isa = PBXFileReference; lastKnownFileType = sourcecode.swift; path = AppDelegate.swift; sourceTree = "<group>"; };
		4C2EED03280D35A6008CCB7B /* SceneDelegate.swift */ = {isa = PBXFileReference; lastKnownFileType = sourcecode.swift; path = SceneDelegate.swift; sourceTree = "<group>"; };
		4C2EED05280D35A6008CCB7B /* ViewController.swift */ = {isa = PBXFileReference; lastKnownFileType = sourcecode.swift; path = ViewController.swift; sourceTree = "<group>"; };
		4C2EED08280D35A6008CCB7B /* Base */ = {isa = PBXFileReference; lastKnownFileType = file.storyboard; name = Base; path = Base.lproj/Main.storyboard; sourceTree = "<group>"; };
		4C2EED0A280D35A8008CCB7B /* Assets.xcassets */ = {isa = PBXFileReference; lastKnownFileType = folder.assetcatalog; path = Assets.xcassets; sourceTree = "<group>"; };
		4C2EED0D280D35A8008CCB7B /* Base */ = {isa = PBXFileReference; lastKnownFileType = file.storyboard; name = Base; path = Base.lproj/LaunchScreen.storyboard; sourceTree = "<group>"; };
		4C2EED0F280D35A8008CCB7B /* Info.plist */ = {isa = PBXFileReference; lastKnownFileType = text.plist.xml; path = Info.plist; sourceTree = "<group>"; };
		4C2EED14280D35A9008CCB7B /* sampleTests.xctest */ = {isa = PBXFileReference; explicitFileType = wrapper.cfbundle; includeInIndex = 0; path = sampleTests.xctest; sourceTree = BUILT_PRODUCTS_DIR; };
		4C2EED18280D35A9008CCB7B /* sampleTests.swift */ = {isa = PBXFileReference; lastKnownFileType = sourcecode.swift; path = sampleTests.swift; sourceTree = "<group>"; };
		4C2EED1E280D35A9008CCB7B /* sampleUITests.xctest */ = {isa = PBXFileReference; explicitFileType = wrapper.cfbundle; includeInIndex = 0; path = sampleUITests.xctest; sourceTree = BUILT_PRODUCTS_DIR; };
		4C2EED22280D35A9008CCB7B /* sampleUITests.swift */ = {isa = PBXFileReference; lastKnownFileType = sourcecode.swift; path = sampleUITests.swift; sourceTree = "<group>"; };
		4C2EED24280D35A9008CCB7B /* sampleUITestsLaunchTests.swift */ = {isa = PBXFileReference; lastKnownFileType = sourcecode.swift; path = sampleUITestsLaunchTests.swift; sourceTree = "<group>"; };
/* End PBXFileReference section */

/* Begin PBXFrameworksBuildPhase section */
		4C2EECFB280D35A6008CCB7B /* Frameworks */ = {
			isa = PBXFrameworksBuildPhase;
			buildActionMask = 2147483647;
			files = (
			);
			runOnlyForDeploymentPostprocessing = 0;
		};
		4C2EED11280D35A9008CCB7B /* Frameworks */ = {
			isa = PBXFrameworksBuildPhase;
			buildActionMask = 2147483647;
			files = (
			);
			runOnlyForDeploymentPostprocessing = 0;
		};
		4C2EED1B280D35A9008CCB7B /* Frameworks */ = {
			isa = PBXFrameworksBuildPhase;
			buildActionMask = 2147483647;
			files = (
			);
			runOnlyForDeploymentPostprocessing = 0;
		};
/* End PBXFrameworksBuildPhase section */

/* Begin PBXGroup section */
		4C2EECF5280D35A6008CCB7B = {
			isa = PBXGroup;
			children = (
				4C2EED00280D35A6008CCB7B /* sample */,
				4C2EED17280D35A9008CCB7B /* sampleTests */,
				4C2EED21280D35A9008CCB7B /* sampleUITests */,
				4C2EECFF280D35A6008CCB7B /* Products */,
			);
			sourceTree = "<group>";
		};
		4C2EECFF280D35A6008CCB7B /* Products */ = {
			isa = PBXGroup;
			children = (
				4C2EECFE280D35A6008CCB7B /* sample.app */,
				4C2EED14280D35A9008CCB7B /* sampleTests.xctest */,
				4C2EED1E280D35A9008CCB7B /* sampleUITests.xctest */,
			);
			name = Products;
			sourceTree = "<group>";
		};
		4C2EED00280D35A6008CCB7B /* sample */ = {
			isa = PBXGroup;
			children = (
				4C2EED01280D35A6008CCB7B /* AppDelegate.swift */,
				4C2EED03280D35A6008CCB7B /* SceneDelegate.swift */,
				4C2EED05280D35A6008CCB7B /* ViewController.swift */,
				4C2EED07280D35A6008CCB7B /* Main.storyboard */,
				4C2EED0A280D35A8008CCB7B /* Assets.xcassets */,
				4C2EED0C280D35A8008CCB7B /* LaunchScreen.storyboard */,
				4C2EED0F280D35A8008CCB7B /* Info.plist */,
			);
			path = sample;
			sourceTree = "<group>";
		};
		4C2EED17280D35A9008CCB7B /* sampleTests */ = {
			isa = PBXGroup;
			children = (
				4C2EED18280D35A9008CCB7B /* sampleTests.swift */,
			);
			path = sampleTests;
			sourceTree = "<group>";
		};
		4C2EED21280D35A9008CCB7B /* sampleUITests */ = {
			isa = PBXGroup;
			children = (
				4C2EED22280D35A9008CCB7B /* sampleUITests.swift */,
				4C2EED24280D35A9008CCB7B /* sampleUITestsLaunchTests.swift */,
			);
			path = sampleUITests;
			sourceTree = "<group>";
		};
/* End PBXGroup section */

/* Begin PBXNativeTarget section */
		4C2EECFD280D35A6008CCB7B /* sample */ = {
			isa = PBXNativeTarget;
			buildConfigurationList = 4C2EED28280D35A9008CCB7B /* Build configuration list for PBXNativeTarget "sample" */;
			buildPhases = (
				4C2EECFA280D35A6008CCB7B /* Sources */,
				4C2EECFB280D35A6008CCB7B /* Frameworks */,
				4C2EECFC280D35A6008CCB7B /* Resources */,
			);
			buildRules = (
			);
			dependencies = (
			);
			name = sample;
			productName = sample;
			productReference = 4C2EECFE280D35A6008CCB7B /* sample.app */;
			productType = "com.apple.product-type.application";
		};
		4C2EED13280D35A9008CCB7B /* sampleTests */ = {
			isa = PBXNativeTarget;
			buildConfigurationList = 4C2EED2B280D35A9008CCB7B /* Build configuration list for PBXNativeTarget "sampleTests" */;
			buildPhases = (
				4C2EED10280D35A9008CCB7B /* Sources */,
				4C2EED11280D35A9008CCB7B /* Frameworks */,
				4C2EED12280D35A9008CCB7B /* Resources */,
			);
			buildRules = (
			);
			dependencies = (
				4C2EED16280D35A9008CCB7B /* PBXTargetDependency */,
			);
			name = sampleTests;
			productName = sampleTests;
			productReference = 4C2EED14280D35A9008CCB7B /* sampleTests.xctest */;
			productType = "com.apple.product-type.bundle.unit-test";
		};
		4C2EED1D280D35A9008CCB7B /* sampleUITests */ = {
			isa = PBXNativeTarget;
			buildConfigurationList = 4C2EED2E280D35A9008CCB7B /* Build configuration list for PBXNativeTarget "sampleUITests" */;
			buildPhases = (
				4C2EED1A280D35A9008CCB7B /* Sources */,
				4C2EED1B280D35A9008CCB7B /* Frameworks */,
				4C2EED1C280D35A9008CCB7B /* Resources */,
			);
			buildRules = (
			);
			dependencies = (
				4C2EED20280D35A9008CCB7B /* PBXTargetDependency */,
			);
			name = sampleUITests;
			productName = sampleUITests;
			productReference = 4C2EED1E280D35A9008CCB7B /* sampleUITests.xctest */;
			productType = "com.apple.product-type.bundle.ui-testing";
		};
/* End PBXNativeTarget section */

/* Begin PBXProject section */
		4C2EECF6280D35A6008CCB7B /* Project object */ = {
			isa = PBXProject;
			attributes = {
				BuildIndependentTargetsInParallel = 1;
				LastSwiftUpdateCheck = 1330;
				LastUpgradeCheck = 1330;
				TargetAttributes = {
					4C2EECFD280D35A6008CCB7B = {
						CreatedOnToolsVersion = 13.3;
					};
					4C2EED13280D35A9008CCB7B = {
						CreatedOnToolsVersion = 13.3;
						TestTargetID = 4C2EECFD280D35A6008CCB7B;
					};
					4C2EED1D280D35A9008CCB7B = {
						CreatedOnToolsVersion = 13.3;
						TestTargetID = 4C2EECFD280D35A6008CCB7B;
					};
				};
			};
			buildConfigurationList = 4C2EECF9280D35A6008CCB7B /* Build configuration list for PBXProject "sample" */;
			compatibilityVersion = "Xcode 13.0";
			developmentRegion = en;
			hasScannedForEncodings = 0;
			knownRegions = (
				en,
				Base,
			);
			mainGroup = 4C2EECF5280D35A6008CCB7B;
			productRefGroup = 4C2EECFF280D35A6008CCB7B /* Products */;
			projectDirPath = "";
			projectRoot = "";
			targets = (
				4C2EECFD280D35A6008CCB7B /* sample */,
				4C2EED13280D35A9008CCB7B /* sampleTests */,
				4C2EED1D280D35A9008CCB7B /* sampleUITests */,
			);
		};
/* End PBXProject section */

/* Begin PBXResourcesBuildPhase section */
		4C2EECFC280D35A6008CCB7B /* Resources */ = {
			isa = PBXResourcesBuildPhase;
			buildActionMask = 2147483647;
			files = (
				4C2EED0E280D35A8008CCB7B /* LaunchScreen.storyboard in Resources */,
				4C2EED0B280D35A8008CCB7B /* Assets.xcassets in Resources */,
				4C2EED09280D35A6008CCB7B /* Main.storyboard in Resources */,
			);
			runOnlyForDeploymentPostprocessing = 0;
		};
		4C2EED12280D35A9008CCB7B /* Resources */ = {
			isa = PBXResourcesBuildPhase;
			buildActionMask = 2147483647;
			files = (
			);
			runOnlyForDeploymentPostprocessing = 0;
		};
		4C2EED1C280D35A9008CCB7B /* Resources */ = {
			isa = PBXResourcesBuildPhase;
			buildActionMask = 2147483647;
			files = (
			);
			runOnlyForDeploymentPostprocessing = 0;
		};
/* End PBXResourcesBuildPhase section */

/* Begin PBXSourcesBuildPhase section */
		4C2EECFA280D35A6008CCB7B /* Sources */ = {
			isa = PBXSourcesBuildPhase;
			buildActionMask = 2147483647;
			files = (
				4C2EED06280D35A6008CCB7B /* ViewController.swift in Sources */,
				4C2EED02280D35A6008CCB7B /* AppDelegate.swift in Sources */,
				4C2EED04280D35A6008CCB7B /* SceneDelegate.swift in Sources */,
			);
			runOnlyForDeploymentPostprocessing = 0;
		};
		4C2EED10280D35A9008CCB7B /* Sources */ = {
			isa = PBXSourcesBuildPhase;
			buildActionMask = 2147483647;
			files = (
				4C2EED19280D35A9008CCB7B /* sampleTests.swift in Sources */,
			);
			runOnlyForDeploymentPostprocessing = 0;
		};
		4C2EED1A280D35A9008CCB7B /* Sources */ = {
			isa = PBXSourcesBuildPhase;
			buildActionMask = 2147483647;
			files = (
				4C2EED25280D35A9008CCB7B /* sampleUITestsLaunchTests.swift in Sources */,
				4C2EED23280D35A9008CCB7B /* sampleUITests.swift in Sources */,
			);
			runOnlyForDeploymentPostprocessing = 0;
		};
/* End PBXSourcesBuildPhase section */

/* Begin PBXTargetDependency section */
		4C2EED16280D35A9008CCB7B /* PBXTargetDependency */ = {
			isa = PBXTargetDependency;
			target = 4C2EECFD280D35A6008CCB7B /* sample */;
			targetProxy = 4C2EED15280D35A9008CCB7B /* PBXContainerItemProxy */;
		};
		4C2EED20280D35A9008CCB7B /* PBXTargetDependency */ = {
			isa = PBXTargetDependency;
			target = 4C2EECFD280D35A6008CCB7B /* sample */;
			targetProxy = 4C2EED1F280D35A9008CCB7B /* PBXContainerItemProxy */;
		};
/* End PBXTargetDependency section */

/* Begin PBXVariantGroup section */
		4C2EED07280D35A6008CCB7B /* Main.storyboard */ = {
			isa = PBXVariantGroup;
			children = (
				4C2EED08280D35A6008CCB7B /* Base */,
			);
			name = Main.storyboard;
			sourceTree = "<group>";
		};
		4C2EED0C280D35A8008CCB7B /* LaunchScreen.storyboard */ = {
			isa = PBXVariantGroup;
			children = (
				4C2EED0D280D35A8008CCB7B /* Base */,
			);
			name = LaunchScreen.storyboard;
			sourceTree = "<group>";
		};
/* End PBXVariantGroup section */

/* Begin XCBuildConfiguration section */
		4C2EED26280D35A9008CCB7B /* Debug */ = {
			isa = XCBuildConfiguration;
			buildSettings = {
				ALWAYS_SEARCH_USER_PATHS = NO;
				CLANG_ANALYZER_NONNULL = YES;
				CLANG_ANALYZER_NUMBER_OBJECT_CONVERSION = YES_AGGRESSIVE;
				CLANG_CXX_LANGUAGE_STANDARD = "gnu++17";
				CLANG_ENABLE_MODULES = YES;
				CLANG_ENABLE_OBJC_ARC = YES;
				CLANG_ENABLE_OBJC_WEAK = YES;
				CLANG_WARN_BLOCK_CAPTURE_AUTORELEASING = YES;
				CLANG_WARN_BOOL_CONVERSION = YES;
				CLANG_WARN_COMMA = YES;
				CLANG_WARN_CONSTANT_CONVERSION = YES;
				CLANG_WARN_DEPRECATED_OBJC_IMPLEMENTATIONS = YES;
				CLANG_WARN_DIRECT_OBJC_ISA_USAGE = YES_ERROR;
				CLANG_WARN_DOCUMENTATION_COMMENTS = YES;
				CLANG_WARN_EMPTY_BODY = YES;
				CLANG_WARN_ENUM_CONVERSION = YES;
				CLANG_WARN_INFINITE_RECURSION = YES;
				CLANG_WARN_INT_CONVERSION = YES;
				CLANG_WARN_NON_LITERAL_NULL_CONVERSION = YES;
				CLANG_WARN_OBJC_IMPLICIT_RETAIN_SELF = YES;
				CLANG_WARN_OBJC_LITERAL_CONVERSION = YES;
				CLANG_WARN_OBJC_ROOT_CLASS = YES_ERROR;
				CLANG_WARN_QUOTED_INCLUDE_IN_FRAMEWORK_HEADER = YES;
				CLANG_WARN_RANGE_LOOP_ANALYSIS = YES;
				CLANG_WARN_STRICT_PROTOTYPES = YES;
				CLANG_WARN_SUSPICIOUS_MOVE = YES;
				CLANG_WARN_UNGUARDED_AVAILABILITY = YES_AGGRESSIVE;
				CLANG_WARN_UNREACHABLE_CODE = YES;
				CLANG_WARN__DUPLICATE_METHOD_MATCH = YES;
				COPY_PHASE_STRIP = NO;
				DEBUG_INFORMATION_FORMAT = dwarf;
				ENABLE_STRICT_OBJC_MSGSEND = YES;
				ENABLE_TESTABILITY = YES;
				GCC_C_LANGUAGE_STANDARD = gnu11;
				GCC_DYNAMIC_NO_PIC = NO;
				GCC_NO_COMMON_BLOCKS = YES;
				GCC_OPTIMIZATION_LEVEL = 0;
				GCC_PREPROCESSOR_DEFINITIONS = (
					"DEBUG=1",
					"$(inherited)",
				);
				GCC_WARN_64_TO_32_BIT_CONVERSION = YES;
				GCC_WARN_ABOUT_RETURN_TYPE = YES_ERROR;
				GCC_WARN_UNDECLARED_SELECTOR = YES;
				GCC_WARN_UNINITIALIZED_AUTOS = YES_AGGRESSIVE;
				GCC_WARN_UNUSED_FUNCTION = YES;
				GCC_WARN_UNUSED_VARIABLE = YES;
				IPHONEOS_DEPLOYMENT_TARGET = 15.4;
				MTL_ENABLE_DEBUG_INFO = INCLUDE_SOURCE;
				MTL_FAST_MATH = YES;
				ONLY_ACTIVE_ARCH = YES;
				SDKROOT = iphoneos;
				SWIFT_ACTIVE_COMPILATION_CONDITIONS = DEBUG;
				SWIFT_OPTIMIZATION_LEVEL = "-Onone";
			};
			name = Debug;
		};
		4C2EED27280D35A9008CCB7B /* Release */ = {
			isa = XCBuildConfiguration;
			buildSettings = {
				ALWAYS_SEARCH_USER_PATHS = NO;
				CLANG_ANALYZER_NONNULL = YES;
				CLANG_ANALYZER_NUMBER_OBJECT_CONVERSION = YES_AGGRESSIVE;
				CLANG_CXX_LANGUAGE_STANDARD = "gnu++17";
				CLANG_ENABLE_MODULES = YES;
				CLANG_ENABLE_OBJC_ARC = YES;
				CLANG_ENABLE_OBJC_WEAK = YES;
				CLANG_WARN_BLOCK_CAPTURE_AUTORELEASING = YES;
				CLANG_WARN_BOOL_CONVERSION = YES;
				CLANG_WARN_COMMA = YES;
				CLANG_WARN_CONSTANT_CONVERSION = YES;
				CLANG_WARN_DEPRECATED_OBJC_IMPLEMENTATIONS = YES;
				CLANG_WARN_DIRECT_OBJC_ISA_USAGE = YES_ERROR;
				CLANG_WARN_DOCUMENTATION_COMMENTS = YES;
				CLANG_WARN_EMPTY_BODY = YES;
				CLANG_WARN_ENUM_CONVERSION = YES;
				CLANG_WARN_INFINITE_RECURSION = YES;
				CLANG_WARN_INT_CONVERSION = YES;
				CLANG_WARN_NON_LITERAL_NULL_CONVERSION = YES;
				CLANG_WARN_OBJC_IMPLICIT_RETAIN_SELF = YES;
				CLANG_WARN_OBJC_LITERAL_CONVERSION = YES;
				CLANG_WARN_OBJC_ROOT_CLASS = YES_ERROR;
				CLANG_WARN_QUOTED_INCLUDE_IN_FRAMEWORK_HEADER = YES;
				CLANG_WARN_RANGE_LOOP_ANALYSIS = YES;
				CLANG_WARN_STRICT_PROTOTYPES = YES;
				CLANG_WARN_SUSPICIOUS_MOVE = YES;
				CLANG_WARN_UNGUARDED_AVAILABILITY = YES_AGGRESSIVE;
				CLANG_WARN_UNREACHABLE_CODE = YES;
				CLANG_WARN__DUPLICATE_METHOD_MATCH = YES;
				COPY_PHASE_STRIP = NO;
				DEBUG_INFORMATION_FORMAT = "dwarf-with-dsym";
				ENABLE_NS_ASSERTIONS = NO;
				ENABLE_STRICT_OBJC_MSGSEND = YES;
				GCC_C_LANGUAGE_STANDARD = gnu11;
				GCC_NO_COMMON_BLOCKS = YES;
				GCC_WARN_64_TO_32_BIT_CONVERSION = YES;
				GCC_WARN_ABOUT_RETURN_TYPE = YES_ERROR;
				GCC_WARN_UNDECLARED_SELECTOR = YES;
				GCC_WARN_UNINITIALIZED_AUTOS = YES_AGGRESSIVE;
				GCC_WARN_UNUSED_FUNCTION = YES;
				GCC_WARN_UNUSED_VARIABLE = YES;
				IPHONEOS_DEPLOYMENT_TARGET = 15.4;
				MTL_ENABLE_DEBUG_INFO = NO;
				MTL_FAST_MATH = YES;
				SDKROOT = iphoneos;
				SWIFT_COMPILATION_MODE = wholemodule;
				SWIFT_OPTIMIZATION_LEVEL = "-O";
				VALIDATE_PRODUCT = YES;
			};
			name = Release;
		};
		4C2EED29280D35A9008CCB7B /* Debug */ = {
			isa = XCBuildConfiguration;
			buildSettings = {
				ASSETCATALOG_COMPILER_APPICON_NAME = AppIcon;
				ASSETCATALOG_COMPILER_GLOBAL_ACCENT_COLOR_NAME = AccentColor;
				CODE_SIGN_STYLE = Automatic;
				CURRENT_PROJECT_VERSION = 1;
				GENERATE_INFOPLIST_FILE = YES;
				INFOPLIST_FILE = sample/Info.plist;
				INFOPLIST_KEY_UIApplicationSupportsIndirectInputEvents = YES;
				INFOPLIST_KEY_UILaunchStoryboardName = LaunchScreen;
				INFOPLIST_KEY_UIMainStoryboardFile = Main;
				INFOPLIST_KEY_UISupportedInterfaceOrientations_iPad = "UIInterfaceOrientationPortrait UIInterfaceOrientationPortraitUpsideDown UIInterfaceOrientationLandscapeLeft UIInterfaceOrientationLandscapeRight";
				INFOPLIST_KEY_UISupportedInterfaceOrientations_iPhone = "UIInterfaceOrientationPortrait UIInterfaceOrientationLandscapeLeft UIInterfaceOrientationLandscapeRight";
				LD_RUNPATH_SEARCH_PATHS = (
					"$(inherited)",
					"@executable_path/Frameworks",
				);
				MARKETING_VERSION = 1.0;
				PRODUCT_BUNDLE_IDENTIFIER = dlighttech.in.sample;
				PRODUCT_NAME = "$(TARGET_NAME)";
				SWIFT_EMIT_LOC_STRINGS = YES;
				SWIFT_VERSION = 5.0;
				TARGETED_DEVICE_FAMILY = "1,2";
			};
			name = Debug;
		};
		4C2EED2A280D35A9008CCB7B /* Release */ = {
			isa = XCBuildConfiguration;
			buildSettings = {
				ASSETCATALOG_COMPILER_APPICON_NAME = AppIcon;
				ASSETCATALOG_COMPILER_GLOBAL_ACCENT_COLOR_NAME = AccentColor;
				CODE_SIGN_STYLE = Automatic;
				CURRENT_PROJECT_VERSION = 1;
				GENERATE_INFOPLIST_FILE = YES;
				INFOPLIST_FILE = sample/Info.plist;
				INFOPLIST_KEY_UIApplicationSupportsIndirectInputEvents = YES;
				INFOPLIST_KEY_UILaunchStoryboardName = LaunchScreen;
				INFOPLIST_KEY_UIMainStoryboardFile = Main;
				INFOPLIST_KEY_UISupportedInterfaceOrientations_iPad = "UIInterfaceOrientationPortrait UIInterfaceOrientationPortraitUpsideDown UIInterfaceOrientationLandscapeLeft UIInterfaceOrientationLandscapeRight";
				INFOPLIST_KEY_UISupportedInterfaceOrientations_iPhone = "UIInterfaceOrientationPortrait UIInterfaceOrientationLandscapeLeft UIInterfaceOrientationLandscapeRight";
				LD_RUNPATH_SEARCH_PATHS = (
					"$(inherited)",
					"@executable_path/Frameworks",
				);
				MARKETING_VERSION = 1.0;
				PRODUCT_BUNDLE_IDENTIFIER = dlighttech.in.sample;
				PRODUCT_NAME = "$(TARGET_NAME)";
				SWIFT_EMIT_LOC_STRINGS = YES;
				SWIFT_VERSION = 5.0;
				TARGETED_DEVICE_FAMILY = "1,2";
			};
			name = Release;
		};
		4C2EED2C280D35A9008CCB7B /* Debug */ = {
			isa = XCBuildConfiguration;
			buildSettings = {
				ALWAYS_EMBED_SWIFT_STANDARD_LIBRARIES = YES;
				BUNDLE_LOADER = "$(TEST_HOST)";
				CODE_SIGN_STYLE = Automatic;
				CURRENT_PROJECT_VERSION = 1;
				GENERATE_INFOPLIST_FILE = YES;
				IPHONEOS_DEPLOYMENT_TARGET = 15.4;
				MARKETING_VERSION = 1.0;
				PRODUCT_BUNDLE_IDENTIFIER = dlighttech.in.sampleTests;
				PRODUCT_NAME = "$(TARGET_NAME)";
				SWIFT_EMIT_LOC_STRINGS = NO;
				SWIFT_VERSION = 5.0;
				TARGETED_DEVICE_FAMILY = "1,2";
				TEST_HOST = "$(BUILT_PRODUCTS_DIR)/sample.app/sample";
			};
			name = Debug;
		};
		4C2EED2D280D35A9008CCB7B /* Release */ = {
			isa = XCBuildConfiguration;
			buildSettings = {
				ALWAYS_EMBED_SWIFT_STANDARD_LIBRARIES = YES;
				BUNDLE_LOADER = "$(TEST_HOST)";
				CODE_SIGN_STYLE = Automatic;
				CURRENT_PROJECT_VERSION = 1;
				GENERATE_INFOPLIST_FILE = YES;
				IPHONEOS_DEPLOYMENT_TARGET = 15.4;
				MARKETING_VERSION = 1.0;
				PRODUCT_BUNDLE_IDENTIFIER = dlighttech.in.sampleTests;
				PRODUCT_NAME = "$(TARGET_NAME)";
				SWIFT_EMIT_LOC_STRINGS = NO;
				SWIFT_VERSION = 5.0;
				TARGETED_DEVICE_FAMILY = "1,2";
				TEST_HOST = "$(BUILT_PRODUCTS_DIR)/sample.app/sample";
			};
			name = Release;
		};
		4C2EED2F280D35A9008CCB7B /* Debug */ = {
			isa = XCBuildConfiguration;
			buildSettings = {
				ALWAYS_EMBED_SWIFT_STANDARD_LIBRARIES = YES;
				CODE_SIGN_STYLE = Automatic;
				CURRENT_PROJECT_VERSION = 1;
				GENERATE_INFOPLIST_FILE = YES;
				MARKETING_VERSION = 1.0;
				PRODUCT_BUNDLE_IDENTIFIER = dlighttech.in.sampleUITests;
				PRODUCT_NAME = "$(TARGET_NAME)";
				SWIFT_EMIT_LOC_STRINGS = NO;
				SWIFT_VERSION = 5.0;
				TARGETED_DEVICE_FAMILY = "1,2";
				TEST_TARGET_NAME = sample;
			};
			name = Debug;
		};
		4C2EED30280D35A9008CCB7B /* Release */ = {
			isa = XCBuildConfiguration;
			buildSettings = {
				ALWAYS_EMBED_SWIFT_STANDARD_LIBRARIES = YES;
				CODE_SIGN_STYLE = Automatic;
				CURRENT_PROJECT_VERSION = 1;
				GENERATE_INFOPLIST_FILE = YES;
				MARKETING_VERSION = 1.0;
				PRODUCT_BUNDLE_IDENTIFIER = dlighttech.in.sampleUITests;
				PRODUCT_NAME = "$(TARGET_NAME)";
				SWIFT_EMIT_LOC_STRINGS = NO;
				SWIFT_VERSION = 5.0;
				TARGETED_DEVICE_FAMILY = "1,2";
				TEST_TARGET_NAME = sample;
			};
			name = Release;
		};
/* End XCBuildConfiguration section */

/* Begin XCConfigurationList section */
		4C2EECF9280D35A6008CCB7B /* Build configuration list for PBXProject "sample" */ = {
			isa = XCConfigurationList;
			buildConfigurations = (
				4C2EED26280D35A9008CCB7B /* Debug */,
				4C2EED27280D35A9008CCB7B /* Release */,
			);
			defaultConfigurationIsVisible = 0;
			defaultConfigurationName = Release;
		};
		4C2EED28280D35A9008CCB7B /* Build configuration list for PBXNativeTarget "sample" */ = {
			isa = XCConfigurationList;
			buildConfigurations = (
				4C2EED29280D35A9008CCB7B /* Debug */,
				4C2EED2A280D35A9008CCB7B /* Release */,
			);
			defaultConfigurationIsVisible = 0;
			defaultConfigurationName = Release;
		};
		4C2EED2B280D35A9008CCB7B /* Build configuration list for PBXNativeTarget "sampleTests" */ = {
			isa = XCConfigurationList;
			buildConfigurations = (
				4C2EED2C280D35A9008CCB7B /* Debug */,
				4C2EED2D280D35A9008CCB7B /* Release */,
			);
			defaultConfigurationIsVisible = 0;
			defaultConfigurationName = Release;
		};
		4C2EED2E280D35A9008CCB7B /* Build configuration list for PBXNativeTarget "sampleUITests" */ = {
			isa = XCConfigurationList;
			buildConfigurations = (
				4C2EED2F280D35A9008CCB7B /* Debug */,
				4C2EED30280D35A9008CCB7B /* Release */,
			);
			defaultConfigurationIsVisible = 0;
			defaultConfigurationName = Release;
		};
/* End XCConfigurationList section */
	};
	rootObject = 4C2EECF6280D35A6008CCB7B /* Project object */;
}
